{
  "object": {
    "pins": [
      {
        "package": "Payment",
        "repositoryURL": "https://github.com/saileshsuri837/Payment.git",
        "state": {
          "branch": "sp_init",
          "revision": "5aa3dd8d70bb5b4bd30d356a06026abb9d2ff176",
          "version": null
        }
      }
    ]
  },
  "version": 1
}
