{
  "object": {
    "pins": [
      {
        "package": "SwiftPackage",
        "repositoryURL": "https://github.com/saileshsuri837/SPM.git",
        "state": {
          "branch": "master",
          "revision": "66dad2116e0a528d0a18cfb2c6d165fcd3347e81",
          "version": null
        }
      }
    ]
  },
  "version": 1
}
