// !$*UTF8*$!
{
	archiveVersion = 1;
	classes = {
	};
	objectVersion = 52;
	objects = {

/* Begin PBXBuildFile section */
		1B8888BC252755AE003717E5 /* MPS in Frameworks */ = {isa = PBXBuildFile; productRef = 1B8888BB252755AE003717E5 /* MPS */; };
		1BF7EF232527442A002DE5FC /* AppDelegate.swift in Sources */ = {isa = PBXBuildFile; fileRef = 1BF7EF222527442A002DE5FC /* AppDelegate.swift */; };
		1BF7EF252527442A002DE5FC /* SceneDelegate.swift in Sources */ = {isa = PBXBuildFile; fileRef = 1BF7EF242527442A002DE5FC /* SceneDelegate.swift */; };
		1BF7EF272527442A002DE5FC /* ViewController.swift in Sources */ = {isa = PBXBuildFile; fileRef = 1BF7EF262527442A002DE5FC /* ViewController.swift */; };
		1BF7EF2A2527442A002DE5FC /* Main.storyboard in Resources */ = {isa = PBXBuildFile; fileRef = 1BF7EF282527442A002DE5FC /* Main.storyboard */; };
		1BF7EF2D2527442B002DE5FC /* Test.xcdatamodeld in Sources */ = {isa = PBXBuildFile; fileRef = 1BF7EF2B2527442B002DE5FC /* Test.xcdatamodeld */; };
		1BF7EF2F2527442C002DE5FC /* Assets.xcassets in Resources */ = {isa = PBXBuildFile; fileRef = 1BF7EF2E2527442C002DE5FC /* Assets.xcassets */; };
		1BF7EF322527442C002DE5FC /* LaunchScreen.storyboard in Resources */ = {isa = PBXBuildFile; fileRef = 1BF7EF302527442C002DE5FC /* LaunchScreen.storyboard */; };
		1BF7EF3D2527442D002DE5FC /* TestTests.swift in Sources */ = {isa = PBXBuildFile; fileRef = 1BF7EF3C2527442D002DE5FC /* TestTests.swift */; };
		1BF7EF482527442D002DE5FC /* TestUITests.swift in Sources */ = {isa = PBXBuildFile; fileRef = 1BF7EF472527442D002DE5FC /* TestUITests.swift */; };
/* End PBXBuildFile section */

/* Begin PBXContainerItemProxy section */
		1BF7EF392527442D002DE5FC /* PBXContainerItemProxy */ = {
			isa = PBXContainerItemProxy;
			containerPortal = 1BF7EF172527442A002DE5FC /* Project object */;
			proxyType = 1;
			remoteGlobalIDString = 1BF7EF1E2527442A002DE5FC;
			remoteInfo = Test;
		};
		1BF7EF442527442D002DE5FC /* PBXContainerItemProxy */ = {
			isa = PBXContainerItemProxy;
			containerPortal = 1BF7EF172527442A002DE5FC /* Project object */;
			proxyType = 1;
			remoteGlobalIDString = 1BF7EF1E2527442A002DE5FC;
			remoteInfo = Test;
		};
/* End PBXContainerItemProxy section */

/* Begin PBXFileReference section */
		1BF7EF1F2527442A002DE5FC /* Test.app */ = {isa = PBXFileReference; explicitFileType = wrapper.application; includeInIndex = 0; path = Test.app; sourceTree = BUILT_PRODUCTS_DIR; };
		1BF7EF222527442A002DE5FC /* AppDelegate.swift */ = {isa = PBXFileReference; lastKnownFileType = sourcecode.swift; path = AppDelegate.swift; sourceTree = "<group>"; };
		1BF7EF242527442A002DE5FC /* SceneDelegate.swift */ = {isa = PBXFileReference; lastKnownFileType = sourcecode.swift; path = SceneDelegate.swift; sourceTree = "<group>"; };
		1BF7EF262527442A002DE5FC /* ViewController.swift */ = {isa = PBXFileReference; lastKnownFileType = sourcecode.swift; path = ViewController.swift; sourceTree = "<group>"; };
		1BF7EF292527442A002DE5FC /* Base */ = {isa = PBXFileReference; lastKnownFileType = file.storyboard; name = Base; path = Base.lproj/Main.storyboard; sourceTree = "<group>"; };
		1BF7EF2C2527442B002DE5FC /* Test.xcdatamodel */ = {isa = PBXFileReference; lastKnownFileType = wrapper.xcdatamodel; path = Test.xcdatamodel; sourceTree = "<group>"; };
		1BF7EF2E2527442C002DE5FC /* Assets.xcassets */ = {isa = PBXFileReference; lastKnownFileType = folder.assetcatalog; path = Assets.xcassets; sourceTree = "<group>"; };
		1BF7EF312527442C002DE5FC /* Base */ = {isa = PBXFileReference; lastKnownFileType = file.storyboard; name = Base; path = Base.lproj/LaunchScreen.storyboard; sourceTree = "<group>"; };
		1BF7EF332527442C002DE5FC /* Info.plist */ = {isa = PBXFileReference; lastKnownFileType = text.plist.xml; path = Info.plist; sourceTree = "<group>"; };
		1BF7EF382527442D002DE5FC /* TestTests.xctest */ = {isa = PBXFileReference; explicitFileType = wrapper.cfbundle; includeInIndex = 0; path = TestTests.xctest; sourceTree = BUILT_PRODUCTS_DIR; };
		1BF7EF3C2527442D002DE5FC /* TestTests.swift */ = {isa = PBXFileReference; lastKnownFileType = sourcecode.swift; path = TestTests.swift; sourceTree = "<group>"; };
		1BF7EF3E2527442D002DE5FC /* Info.plist */ = {isa = PBXFileReference; lastKnownFileType = text.plist.xml; path = Info.plist; sourceTree = "<group>"; };
		1BF7EF432527442D002DE5FC /* TestUITests.xctest */ = {isa = PBXFileReference; explicitFileType = wrapper.cfbundle; includeInIndex = 0; path = TestUITests.xctest; sourceTree = BUILT_PRODUCTS_DIR; };
		1BF7EF472527442D002DE5FC /* TestUITests.swift */ = {isa = PBXFileReference; lastKnownFileType = sourcecode.swift; path = TestUITests.swift; sourceTree = "<group>"; };
		1BF7EF492527442D002DE5FC /* Info.plist */ = {isa = PBXFileReference; lastKnownFileType = text.plist.xml; path = Info.plist; sourceTree = "<group>"; };
/* End PBXFileReference section */

/* Begin PBXFrameworksBuildPhase section */
		1BF7EF1C2527442A002DE5FC /* Frameworks */ = {
			isa = PBXFrameworksBuildPhase;
			buildActionMask = 2147483647;
			files = (
				1B8888BC252755AE003717E5 /* MPS in Frameworks */,
			);
			runOnlyForDeploymentPostprocessing = 0;
		};
		1BF7EF352527442D002DE5FC /* Frameworks */ = {
			isa = PBXFrameworksBuildPhase;
			buildActionMask = 2147483647;
			files = (
			);
			runOnlyForDeploymentPostprocessing = 0;
		};
		1BF7EF402527442D002DE5FC /* Frameworks */ = {
			isa = PBXFrameworksBuildPhase;
			buildActionMask = 2147483647;
			files = (
			);
			runOnlyForDeploymentPostprocessing = 0;
		};
/* End PBXFrameworksBuildPhase section */

/* Begin PBXGroup section */
		1BF7EF162527442A002DE5FC = {
			isa = PBXGroup;
			children = (
				1BF7EF212527442A002DE5FC /* Test */,
				1BF7EF3B2527442D002DE5FC /* TestTests */,
				1BF7EF462527442D002DE5FC /* TestUITests */,
				1BF7EF202527442A002DE5FC /* Products */,
			);
			sourceTree = "<group>";
		};
		1BF7EF202527442A002DE5FC /* Products */ = {
			isa = PBXGroup;
			children = (
				1BF7EF1F2527442A002DE5FC /* Test.app */,
				1BF7EF382527442D002DE5FC /* TestTests.xctest */,
				1BF7EF432527442D002DE5FC /* TestUITests.xctest */,
			);
			name = Products;
			sourceTree = "<group>";
		};
		1BF7EF212527442A002DE5FC /* Test */ = {
			isa = PBXGroup;
			children = (
				1BF7EF222527442A002DE5FC /* AppDelegate.swift */,
				1BF7EF242527442A002DE5FC /* SceneDelegate.swift */,
				1BF7EF262527442A002DE5FC /* ViewController.swift */,
				1BF7EF282527442A002DE5FC /* Main.storyboard */,
				1BF7EF2E2527442C002DE5FC /* Assets.xcassets */,
				1BF7EF302527442C002DE5FC /* LaunchScreen.storyboard */,
				1BF7EF332527442C002DE5FC /* Info.plist */,
				1BF7EF2B2527442B002DE5FC /* Test.xcdatamodeld */,
			);
			path = Test;
			sourceTree = "<group>";
		};
		1BF7EF3B2527442D002DE5FC /* TestTests */ = {
			isa = PBXGroup;
			children = (
				1BF7EF3C2527442D002DE5FC /* TestTests.swift */,
				1BF7EF3E2527442D002DE5FC /* Info.plist */,
			);
			path = TestTests;
			sourceTree = "<group>";
		};
		1BF7EF462527442D002DE5FC /* TestUITests */ = {
			isa = PBXGroup;
			children = (
				1BF7EF472527442D002DE5FC /* TestUITests.swift */,
				1BF7EF492527442D002DE5FC /* Info.plist */,
			);
			path = TestUITests;
			sourceTree = "<group>";
		};
/* End PBXGroup section */

/* Begin PBXNativeTarget section */
		1BF7EF1E2527442A002DE5FC /* Test */ = {
			isa = PBXNativeTarget;
			buildConfigurationList = 1BF7EF4C2527442D002DE5FC /* Build configuration list for PBXNativeTarget "Test" */;
			buildPhases = (
				1BF7EF1B2527442A002DE5FC /* Sources */,
				1BF7EF1C2527442A002DE5FC /* Frameworks */,
				1BF7EF1D2527442A002DE5FC /* Resources */,
			);
			buildRules = (
			);
			dependencies = (
			);
			name = Test;
			packageProductDependencies = (
				1B8888BB252755AE003717E5 /* MPS */,
			);
			productName = Test;
			productReference = 1BF7EF1F2527442A002DE5FC /* Test.app */;
			productType = "com.apple.product-type.application";
		};
		1BF7EF372527442D002DE5FC /* TestTests */ = {
			isa = PBXNativeTarget;
			buildConfigurationList = 1BF7EF4F2527442D002DE5FC /* Build configuration list for PBXNativeTarget "TestTests" */;
			buildPhases = (
				1BF7EF342527442D002DE5FC /* Sources */,
				1BF7EF352527442D002DE5FC /* Frameworks */,
				1BF7EF362527442D002DE5FC /* Resources */,
			);
			buildRules = (
			);
			dependencies = (
				1BF7EF3A2527442D002DE5FC /* PBXTargetDependency */,
			);
			name = TestTests;
			productName = TestTests;
			productReference = 1BF7EF382527442D002DE5FC /* TestTests.xctest */;
			productType = "com.apple.product-type.bundle.unit-test";
		};
		1BF7EF422527442D002DE5FC /* TestUITests */ = {
			isa = PBXNativeTarget;
			buildConfigurationList = 1BF7EF522527442D002DE5FC /* Build configuration list for PBXNativeTarget "TestUITests" */;
			buildPhases = (
				1BF7EF3F2527442D002DE5FC /* Sources */,
				1BF7EF402527442D002DE5FC /* Frameworks */,
				1BF7EF412527442D002DE5FC /* Resources */,
			);
			buildRules = (
			);
			dependencies = (
				1BF7EF452527442D002DE5FC /* PBXTargetDependency */,
			);
			name = TestUITests;
			productName = TestUITests;
			productReference = 1BF7EF432527442D002DE5FC /* TestUITests.xctest */;
			productType = "com.apple.product-type.bundle.ui-testing";
		};
/* End PBXNativeTarget section */

/* Begin PBXProject section */
		1BF7EF172527442A002DE5FC /* Project object */ = {
			isa = PBXProject;
			attributes = {
				LastSwiftUpdateCheck = 1200;
				LastUpgradeCheck = 1200;
				TargetAttributes = {
					1BF7EF1E2527442A002DE5FC = {
						CreatedOnToolsVersion = 12.0.1;
					};
					1BF7EF372527442D002DE5FC = {
						CreatedOnToolsVersion = 12.0.1;
						TestTargetID = 1BF7EF1E2527442A002DE5FC;
					};
					1BF7EF422527442D002DE5FC = {
						CreatedOnToolsVersion = 12.0.1;
						TestTargetID = 1BF7EF1E2527442A002DE5FC;
					};
				};
			};
			buildConfigurationList = 1BF7EF1A2527442A002DE5FC /* Build configuration list for PBXProject "Test" */;
			compatibilityVersion = "Xcode 9.3";
			developmentRegion = en;
			hasScannedForEncodings = 0;
			knownRegions = (
				en,
				Base,
			);
			mainGroup = 1BF7EF162527442A002DE5FC;
			packageReferences = (
				1B8888BA252755AE003717E5 /* XCRemoteSwiftPackageReference "MSupport" */,
			);
			productRefGroup = 1BF7EF202527442A002DE5FC /* Products */;
			projectDirPath = "";
			projectRoot = "";
			targets = (
				1BF7EF1E2527442A002DE5FC /* Test */,
				1BF7EF372527442D002DE5FC /* TestTests */,
				1BF7EF422527442D002DE5FC /* TestUITests */,
			);
		};
/* End PBXProject section */

/* Begin PBXResourcesBuildPhase section */
		1BF7EF1D2527442A002DE5FC /* Resources */ = {
			isa = PBXResourcesBuildPhase;
			buildActionMask = 2147483647;
			files = (
				1BF7EF322527442C002DE5FC /* LaunchScreen.storyboard in Resources */,
				1BF7EF2F2527442C002DE5FC /* Assets.xcassets in Resources */,
				1BF7EF2A2527442A002DE5FC /* Main.storyboard in Resources */,
			);
			runOnlyForDeploymentPostprocessing = 0;
		};
		1BF7EF362527442D002DE5FC /* Resources */ = {
			isa = PBXResourcesBuildPhase;
			buildActionMask = 2147483647;
			files = (
			);
			runOnlyForDeploymentPostprocessing = 0;
		};
		1BF7EF412527442D002DE5FC /* Resources */ = {
			isa = PBXResourcesBuildPhase;
			buildActionMask = 2147483647;
			files = (
			);
			runOnlyForDeploymentPostprocessing = 0;
		};
/* End PBXResourcesBuildPhase section */

/* Begin PBXSourcesBuildPhase section */
		1BF7EF1B2527442A002DE5FC /* Sources */ = {
			isa = PBXSourcesBuildPhase;
			buildActionMask = 2147483647;
			files = (
				1BF7EF272527442A002DE5FC /* ViewController.swift in Sources */,
				1BF7EF2D2527442B002DE5FC /* Test.xcdatamodeld in Sources */,
				1BF7EF232527442A002DE5FC /* AppDelegate.swift in Sources */,
				1BF7EF252527442A002DE5FC /* SceneDelegate.swift in Sources */,
			);
			runOnlyForDeploymentPostprocessing = 0;
		};
		1BF7EF342527442D002DE5FC /* Sources */ = {
			isa = PBXSourcesBuildPhase;
			buildActionMask = 2147483647;
			files = (
				1BF7EF3D2527442D002DE5FC /* TestTests.swift in Sources */,
			);
			runOnlyForDeploymentPostprocessing = 0;
		};
		1BF7EF3F2527442D002DE5FC /* Sources */ = {
			isa = PBXSourcesBuildPhase;
			buildActionMask = 2147483647;
			files = (
				1BF7EF482527442D002DE5FC /* TestUITests.swift in Sources */,
			);
			runOnlyForDeploymentPostprocessing = 0;
		};
/* End PBXSourcesBuildPhase section */

/* Begin PBXTargetDependency section */
		1BF7EF3A2527442D002DE5FC /* PBXTargetDependency */ = {
			isa = PBXTargetDependency;
			target = 1BF7EF1E2527442A002DE5FC /* Test */;
			targetProxy = 1BF7EF392527442D002DE5FC /* PBXContainerItemProxy */;
		};
		1BF7EF452527442D002DE5FC /* PBXTargetDependency */ = {
			isa = PBXTargetDependency;
			target = 1BF7EF1E2527442A002DE5FC /* Test */;
			targetProxy = 1BF7EF442527442D002DE5FC /* PBXContainerItemProxy */;
		};
/* End PBXTargetDependency section */

/* Begin PBXVariantGroup section */
		1BF7EF282527442A002DE5FC /* Main.storyboard */ = {
			isa = PBXVariantGroup;
			children = (
				1BF7EF292527442A002DE5FC /* Base */,
			);
			name = Main.storyboard;
			sourceTree = "<group>";
		};
		1BF7EF302527442C002DE5FC /* LaunchScreen.storyboard */ = {
			isa = PBXVariantGroup;
			children = (
				1BF7EF312527442C002DE5FC /* Base */,
			);
			name = LaunchScreen.storyboard;
			sourceTree = "<group>";
		};
/* End PBXVariantGroup section */

/* Begin XCBuildConfiguration section */
		1BF7EF4A2527442D002DE5FC /* Debug */ = {
			isa = XCBuildConfiguration;
			buildSettings = {
				ALWAYS_SEARCH_USER_PATHS = NO;
				CLANG_ANALYZER_NONNULL = YES;
				CLANG_ANALYZER_NUMBER_OBJECT_CONVERSION = YES_AGGRESSIVE;
				CLANG_CXX_LANGUAGE_STANDARD = "gnu++14";
				CLANG_CXX_LIBRARY = "libc++";
				CLANG_ENABLE_MODULES = YES;
				CLANG_ENABLE_OBJC_ARC = YES;
				CLANG_ENABLE_OBJC_WEAK = YES;
				CLANG_WARN_BLOCK_CAPTURE_AUTORELEASING = YES;
				CLANG_WARN_BOOL_CONVERSION = YES;
				CLANG_WARN_COMMA = YES;
				CLANG_WARN_CONSTANT_CONVERSION = YES;
				CLANG_WARN_DEPRECATED_OBJC_IMPLEMENTATIONS = YES;
				CLANG_WARN_DIRECT_OBJC_ISA_USAGE = YES_ERROR;
				CLANG_WARN_DOCUMENTATION_COMMENTS = YES;
				CLANG_WARN_EMPTY_BODY = YES;
				CLANG_WARN_ENUM_CONVERSION = YES;
				CLANG_WARN_INFINITE_RECURSION = YES;
				CLANG_WARN_INT_CONVERSION = YES;
				CLANG_WARN_NON_LITERAL_NULL_CONVERSION = YES;
				CLANG_WARN_OBJC_IMPLICIT_RETAIN_SELF = YES;
				CLANG_WARN_OBJC_LITERAL_CONVERSION = YES;
				CLANG_WARN_OBJC_ROOT_CLASS = YES_ERROR;
				CLANG_WARN_QUOTED_INCLUDE_IN_FRAMEWORK_HEADER = YES;
				CLANG_WARN_RANGE_LOOP_ANALYSIS = YES;
				CLANG_WARN_STRICT_PROTOTYPES = YES;
				CLANG_WARN_SUSPICIOUS_MOVE = YES;
				CLANG_WARN_UNGUARDED_AVAILABILITY = YES_AGGRESSIVE;
				CLANG_WARN_UNREACHABLE_CODE = YES;
				CLANG_WARN__DUPLICATE_METHOD_MATCH = YES;
				COPY_PHASE_STRIP = NO;
				DEBUG_INFORMATION_FORMAT = dwarf;
				ENABLE_STRICT_OBJC_MSGSEND = YES;
				ENABLE_TESTABILITY = YES;
				GCC_C_LANGUAGE_STANDARD = gnu11;
				GCC_DYNAMIC_NO_PIC = NO;
				GCC_NO_COMMON_BLOCKS = YES;
				GCC_OPTIMIZATION_LEVEL = 0;
				GCC_PREPROCESSOR_DEFINITIONS = (
					"DEBUG=1",
					"$(inherited)",
				);
				GCC_WARN_64_TO_32_BIT_CONVERSION = YES;
				GCC_WARN_ABOUT_RETURN_TYPE = YES_ERROR;
				GCC_WARN_UNDECLARED_SELECTOR = YES;
				GCC_WARN_UNINITIALIZED_AUTOS = YES_AGGRESSIVE;
				GCC_WARN_UNUSED_FUNCTION = YES;
				GCC_WARN_UNUSED_VARIABLE = YES;
				IPHONEOS_DEPLOYMENT_TARGET = 14.0;
				MTL_ENABLE_DEBUG_INFO = INCLUDE_SOURCE;
				MTL_FAST_MATH = YES;
				ONLY_ACTIVE_ARCH = YES;
				SDKROOT = iphoneos;
				SWIFT_ACTIVE_COMPILATION_CONDITIONS = DEBUG;
				SWIFT_OPTIMIZATION_LEVEL = "-Onone";
			};
			name = Debug;
		};
		1BF7EF4B2527442D002DE5FC /* Release */ = {
			isa = XCBuildConfiguration;
			buildSettings = {
				ALWAYS_SEARCH_USER_PATHS = NO;
				CLANG_ANALYZER_NONNULL = YES;
				CLANG_ANALYZER_NUMBER_OBJECT_CONVERSION = YES_AGGRESSIVE;
				CLANG_CXX_LANGUAGE_STANDARD = "gnu++14";
				CLANG_CXX_LIBRARY = "libc++";
				CLANG_ENABLE_MODULES = YES;
				CLANG_ENABLE_OBJC_ARC = YES;
				CLANG_ENABLE_OBJC_WEAK = YES;
				CLANG_WARN_BLOCK_CAPTURE_AUTORELEASING = YES;
				CLANG_WARN_BOOL_CONVERSION = YES;
				CLANG_WARN_COMMA = YES;
				CLANG_WARN_CONSTANT_CONVERSION = YES;
				CLANG_WARN_DEPRECATED_OBJC_IMPLEMENTATIONS = YES;
				CLANG_WARN_DIRECT_OBJC_ISA_USAGE = YES_ERROR;
				CLANG_WARN_DOCUMENTATION_COMMENTS = YES;
				CLANG_WARN_EMPTY_BODY = YES;
				CLANG_WARN_ENUM_CONVERSION = YES;
				CLANG_WARN_INFINITE_RECURSION = YES;
				CLANG_WARN_INT_CONVERSION = YES;
				CLANG_WARN_NON_LITERAL_NULL_CONVERSION = YES;
				CLANG_WARN_OBJC_IMPLICIT_RETAIN_SELF = YES;
				CLANG_WARN_OBJC_LITERAL_CONVERSION = YES;
				CLANG_WARN_OBJC_ROOT_CLASS = YES_ERROR;
				CLANG_WARN_QUOTED_INCLUDE_IN_FRAMEWORK_HEADER = YES;
				CLANG_WARN_RANGE_LOOP_ANALYSIS = YES;
				CLANG_WARN_STRICT_PROTOTYPES = YES;
				CLANG_WARN_SUSPICIOUS_MOVE = YES;
				CLANG_WARN_UNGUARDED_AVAILABILITY = YES_AGGRESSIVE;
				CLANG_WARN_UNREACHABLE_CODE = YES;
				CLANG_WARN__DUPLICATE_METHOD_MATCH = YES;
				COPY_PHASE_STRIP = NO;
				DEBUG_INFORMATION_FORMAT = "dwarf-with-dsym";
				ENABLE_NS_ASSERTIONS = NO;
				ENABLE_STRICT_OBJC_MSGSEND = YES;
				GCC_C_LANGUAGE_STANDARD = gnu11;
				GCC_NO_COMMON_BLOCKS = YES;
				GCC_WARN_64_TO_32_BIT_CONVERSION = YES;
				GCC_WARN_ABOUT_RETURN_TYPE = YES_ERROR;
				GCC_WARN_UNDECLARED_SELECTOR = YES;
				GCC_WARN_UNINITIALIZED_AUTOS = YES_AGGRESSIVE;
				GCC_WARN_UNUSED_FUNCTION = YES;
				GCC_WARN_UNUSED_VARIABLE = YES;
				IPHONEOS_DEPLOYMENT_TARGET = 14.0;
				MTL_ENABLE_DEBUG_INFO = NO;
				MTL_FAST_MATH = YES;
				SDKROOT = iphoneos;
				SWIFT_COMPILATION_MODE = wholemodule;
				SWIFT_OPTIMIZATION_LEVEL = "-O";
				VALIDATE_PRODUCT = YES;
			};
			name = Release;
		};
		1BF7EF4D2527442D002DE5FC /* Debug */ = {
			isa = XCBuildConfiguration;
			buildSettings = {
				ASSETCATALOG_COMPILER_APPICON_NAME = AppIcon;
				ASSETCATALOG_COMPILER_GLOBAL_ACCENT_COLOR_NAME = AccentColor;
				CODE_SIGN_STYLE = Automatic;
				DEVELOPMENT_TEAM = N23CH7UAB8;
				INFOPLIST_FILE = Test/Info.plist;
				LD_RUNPATH_SEARCH_PATHS = (
					"$(inherited)",
					"@executable_path/Frameworks",
				);
				PRODUCT_BUNDLE_IDENTIFIER = "S.s.Sailesh-Kumar.Test";
				PRODUCT_NAME = "$(TARGET_NAME)";
				SWIFT_VERSION = 5.0;
				TARGETED_DEVICE_FAMILY = "1,2";
			};
			name = Debug;
		};
		1BF7EF4E2527442D002DE5FC /* Release */ = {
			isa = XCBuildConfiguration;
			buildSettings = {
				ASSETCATALOG_COMPILER_APPICON_NAME = AppIcon;
				ASSETCATALOG_COMPILER_GLOBAL_ACCENT_COLOR_NAME = AccentColor;
				CODE_SIGN_STYLE = Automatic;
				DEVELOPMENT_TEAM = N23CH7UAB8;
				INFOPLIST_FILE = Test/Info.plist;
				LD_RUNPATH_SEARCH_PATHS = (
					"$(inherited)",
					"@executable_path/Frameworks",
				);
				PRODUCT_BUNDLE_IDENTIFIER = "S.s.Sailesh-Kumar.Test";
				PRODUCT_NAME = "$(TARGET_NAME)";
				SWIFT_VERSION = 5.0;
				TARGETED_DEVICE_FAMILY = "1,2";
			};
			name = Release;
		};
		1BF7EF502527442D002DE5FC /* Debug */ = {
			isa = XCBuildConfiguration;
			buildSettings = {
				ALWAYS_EMBED_SWIFT_STANDARD_LIBRARIES = YES;
				BUNDLE_LOADER = "$(TEST_HOST)";
				CODE_SIGN_STYLE = Automatic;
				INFOPLIST_FILE = TestTests/Info.plist;
				IPHONEOS_DEPLOYMENT_TARGET = 14.0;
				LD_RUNPATH_SEARCH_PATHS = (
					"$(inherited)",
					"@executable_path/Frameworks",
					"@loader_path/Frameworks",
				);
				PRODUCT_BUNDLE_IDENTIFIER = "S.s.Sailesh-Kumar.TestTests";
				PRODUCT_NAME = "$(TARGET_NAME)";
				SWIFT_VERSION = 5.0;
				TARGETED_DEVICE_FAMILY = "1,2";
				TEST_HOST = "$(BUILT_PRODUCTS_DIR)/Test.app/Test";
			};
			name = Debug;
		};
		1BF7EF512527442D002DE5FC /* Release */ = {
			isa = XCBuildConfiguration;
			buildSettings = {
				ALWAYS_EMBED_SWIFT_STANDARD_LIBRARIES = YES;
				BUNDLE_LOADER = "$(TEST_HOST)";
				CODE_SIGN_STYLE = Automatic;
				INFOPLIST_FILE = TestTests/Info.plist;
				IPHONEOS_DEPLOYMENT_TARGET = 14.0;
				LD_RUNPATH_SEARCH_PATHS = (
					"$(inherited)",
					"@executable_path/Frameworks",
					"@loader_path/Frameworks",
				);
				PRODUCT_BUNDLE_IDENTIFIER = "S.s.Sailesh-Kumar.TestTests";
				PRODUCT_NAME = "$(TARGET_NAME)";
				SWIFT_VERSION = 5.0;
				TARGETED_DEVICE_FAMILY = "1,2";
				TEST_HOST = "$(BUILT_PRODUCTS_DIR)/Test.app/Test";
			};
			name = Release;
		};
		1BF7EF532527442D002DE5FC /* Debug */ = {
			isa = XCBuildConfiguration;
			buildSettings = {
				ALWAYS_EMBED_SWIFT_STANDARD_LIBRARIES = YES;
				CODE_SIGN_STYLE = Automatic;
				INFOPLIST_FILE = TestUITests/Info.plist;
				LD_RUNPATH_SEARCH_PATHS = (
					"$(inherited)",
					"@executable_path/Frameworks",
					"@loader_path/Frameworks",
				);
				PRODUCT_BUNDLE_IDENTIFIER = "S.s.Sailesh-Kumar.TestUITests";
				PRODUCT_NAME = "$(TARGET_NAME)";
				SWIFT_VERSION = 5.0;
				TARGETED_DEVICE_FAMILY = "1,2";
				TEST_TARGET_NAME = Test;
			};
			name = Debug;
		};
		1BF7EF542527442D002DE5FC /* Release */ = {
			isa = XCBuildConfiguration;
			buildSettings = {
				ALWAYS_EMBED_SWIFT_STANDARD_LIBRARIES = YES;
				CODE_SIGN_STYLE = Automatic;
				INFOPLIST_FILE = TestUITests/Info.plist;
				LD_RUNPATH_SEARCH_PATHS = (
					"$(inherited)",
					"@executable_path/Frameworks",
					"@loader_path/Frameworks",
				);
				PRODUCT_BUNDLE_IDENTIFIER = "S.s.Sailesh-Kumar.TestUITests";
				PRODUCT_NAME = "$(TARGET_NAME)";
				SWIFT_VERSION = 5.0;
				TARGETED_DEVICE_FAMILY = "1,2";
				TEST_TARGET_NAME = Test;
			};
			name = Release;
		};
/* End XCBuildConfiguration section */

/* Begin XCConfigurationList section */
		1BF7EF1A2527442A002DE5FC /* Build configuration list for PBXProject "Test" */ = {
			isa = XCConfigurationList;
			buildConfigurations = (
				1BF7EF4A2527442D002DE5FC /* Debug */,
				1BF7EF4B2527442D002DE5FC /* Release */,
			);
			defaultConfigurationIsVisible = 0;
			defaultConfigurationName = Release;
		};
		1BF7EF4C2527442D002DE5FC /* Build configuration list for PBXNativeTarget "Test" */ = {
			isa = XCConfigurationList;
			buildConfigurations = (
				1BF7EF4D2527442D002DE5FC /* Debug */,
				1BF7EF4E2527442D002DE5FC /* Release */,
			);
			defaultConfigurationIsVisible = 0;
			defaultConfigurationName = Release;
		};
		1BF7EF4F2527442D002DE5FC /* Build configuration list for PBXNativeTarget "TestTests" */ = {
			isa = XCConfigurationList;
			buildConfigurations = (
				1BF7EF502527442D002DE5FC /* Debug */,
				1BF7EF512527442D002DE5FC /* Release */,
			);
			defaultConfigurationIsVisible = 0;
			defaultConfigurationName = Release;
		};
		1BF7EF522527442D002DE5FC /* Build configuration list for PBXNativeTarget "TestUITests" */ = {
			isa = XCConfigurationList;
			buildConfigurations = (
				1BF7EF532527442D002DE5FC /* Debug */,
				1BF7EF542527442D002DE5FC /* Release */,
			);
			defaultConfigurationIsVisible = 0;
			defaultConfigurationName = Release;
		};
/* End XCConfigurationList section */

/* Begin XCRemoteSwiftPackageReference section */
		1B8888BA252755AE003717E5 /* XCRemoteSwiftPackageReference "MSupport" */ = {
			isa = XCRemoteSwiftPackageReference;
			repositoryURL = "https://github.com/saileshsuri837/MSupport.git";
			requirement = {
				branch = test;
				kind = branch;
			};
		};
/* End XCRemoteSwiftPackageReference section */

/* Begin XCSwiftPackageProductDependency section */
		1B8888BB252755AE003717E5 /* MPS */ = {
			isa = XCSwiftPackageProductDependency;
			package = 1B8888BA252755AE003717E5 /* XCRemoteSwiftPackageReference "MSupport" */;
			productName = MPS;
		};
/* End XCSwiftPackageProductDependency section */

/* Begin XCVersionGroup section */
		1BF7EF2B2527442B002DE5FC /* Test.xcdatamodeld */ = {
			isa = XCVersionGroup;
			children = (
				1BF7EF2C2527442B002DE5FC /* Test.xcdatamodel */,
			);
			currentVersion = 1BF7EF2C2527442B002DE5FC /* Test.xcdatamodel */;
			path = Test.xcdatamodeld;
			sourceTree = "<group>";
			versionGroupType = wrapper.xcdatamodel;
		};
/* End XCVersionGroup section */
	};
	rootObject = 1BF7EF172527442A002DE5FC /* Project object */;
}
